
Microsoft Visual Studio Solution File, Format Version 12.00
# Visual Studio 11
Project("{FAE04EC0-301F-11D3-BF4B-00C04F79EFBC}") = "ProjectTorpedo", "ProjectTorpedo\ProjectTorpedo.csproj", "{879FB066-D017-43D4-AEE7-5F0CFB09D688}"
EndProject
Project("{FAE04EC0-301F-11D3-BF4B-00C04F79EFBC}") = "ProjectTorpedo.Tests", "ProjectTorpedo.Tests\ProjectTorpedo.Tests.csproj", "{8BDBC48D-90EC-4A9A-B657-1E022E4A063A}"
EndProject
Global
	GlobalSection(SolutionConfigurationPlatforms) = preSolution
		Debug|Any CPU = Debug|Any CPU
		Release|Any CPU = Release|Any CPU
	EndGlobalSection
	GlobalSection(ProjectConfigurationPlatforms) = postSolution
		{879FB066-D017-43D4-AEE7-5F0CFB09D688}.Debug|Any CPU.ActiveCfg = Debug|Any CPU
		{879FB066-D017-43D4-AEE7-5F0CFB09D688}.Debug|Any CPU.Build.0 = Debug|Any CPU
		{879FB066-D017-43D4-AEE7-5F0CFB09D688}.Release|Any CPU.ActiveCfg = Release|Any CPU
		{879FB066-D017-43D4-AEE7-5F0CFB09D688}.Release|Any CPU.Build.0 = Release|Any CPU
		{8BDBC48D-90EC-4A9A-B657-1E022E4A063A}.Debug|Any CPU.ActiveCfg = Debug|Any CPU
		{8BDBC48D-90EC-4A9A-B657-1E022E4A063A}.Debug|Any CPU.Build.0 = Debug|Any CPU
		{8BDBC48D-90EC-4A9A-B657-1E022E4A063A}.Release|Any CPU.ActiveCfg = Release|Any CPU
		{8BDBC48D-90EC-4A9A-B657-1E022E4A063A}.Release|Any CPU.Build.0 = Release|Any CPU
	EndGlobalSection
	GlobalSection(SolutionProperties) = preSolution
		HideSolutionNode = FALSE
	EndGlobalSection
EndGlobal
